// !$*UTF8*$!
{
	archiveVersion = 1;
	classes = {
	};
	objectVersion = 50;
	objects = {

/* Begin PBXBuildFile section */
		7906F5AD25E4E50A007DAD19 /* AppDelegate.swift in Sources */ = {isa = PBXBuildFile; fileRef = 7906F5AC25E4E50A007DAD19 /* AppDelegate.swift */; };
		7906F5AF25E4E50A007DAD19 /* SceneDelegate.swift in Sources */ = {isa = PBXBuildFile; fileRef = 7906F5AE25E4E50A007DAD19 /* SceneDelegate.swift */; };
		7906F5B125E4E50A007DAD19 /* ViewController.swift in Sources */ = {isa = PBXBuildFile; fileRef = 7906F5B025E4E50A007DAD19 /* ViewController.swift */; };
		7906F5B425E4E50A007DAD19 /* Main.storyboard in Resources */ = {isa = PBXBuildFile; fileRef = 7906F5B225E4E50A007DAD19 /* Main.storyboard */; };
		7906F5B625E4E50B007DAD19 /* Assets.xcassets in Resources */ = {isa = PBXBuildFile; fileRef = 7906F5B525E4E50B007DAD19 /* Assets.xcassets */; };
		7906F5B925E4E50B007DAD19 /* LaunchScreen.storyboard in Resources */ = {isa = PBXBuildFile; fileRef = 7906F5B725E4E50B007DAD19 /* LaunchScreen.storyboard */; };
/* End PBXBuildFile section */

/* Begin PBXFileReference section */
		7906F5A925E4E50A007DAD19 /* UIKitDesignDicoding.app */ = {isa = PBXFileReference; explicitFileType = wrapper.application; includeInIndex = 0; path = UIKitDesignDicoding.app; sourceTree = BUILT_PRODUCTS_DIR; };
		7906F5AC25E4E50A007DAD19 /* AppDelegate.swift */ = {isa = PBXFileReference; lastKnownFileType = sourcecode.swift; path = AppDelegate.swift; sourceTree = "<group>"; };
		7906F5AE25E4E50A007DAD19 /* SceneDelegate.swift */ = {isa = PBXFileReference; lastKnownFileType = sourcecode.swift; path = SceneDelegate.swift; sourceTree = "<group>"; };
		7906F5B025E4E50A007DAD19 /* ViewController.swift */ = {isa = PBXFileReference; lastKnownFileType = sourcecode.swift; path = ViewController.swift; sourceTree = "<group>"; };
		7906F5B325E4E50A007DAD19 /* Base */ = {isa = PBXFileReference; lastKnownFileType = file.storyboard; name = Base; path = Base.lproj/Main.storyboard; sourceTree = "<group>"; };
		7906F5B525E4E50B007DAD19 /* Assets.xcassets */ = {isa = PBXFileReference; lastKnownFileType = folder.assetcatalog; path = Assets.xcassets; sourceTree = "<group>"; };
		7906F5B825E4E50B007DAD19 /* Base */ = {isa = PBXFileReference; lastKnownFileType = file.storyboard; name = Base; path = Base.lproj/LaunchScreen.storyboard; sourceTree = "<group>"; };
		7906F5BA25E4E50B007DAD19 /* Info.plist */ = {isa = PBXFileReference; lastKnownFileType = text.plist.xml; path = Info.plist; sourceTree = "<group>"; };
/* End PBXFileReference section */

/* Begin PBXFrameworksBuildPhase section */
		7906F5A625E4E50A007DAD19 /* Frameworks */ = {
			isa = PBXFrameworksBuildPhase;
			buildActionMask = 2147483647;
			files = (
			);
			runOnlyForDeploymentPostprocessing = 0;
		};
/* End PBXFrameworksBuildPhase section */

/* Begin PBXGroup section */
		7906F5A025E4E50A007DAD19 = {
			isa = PBXGroup;
			children = (
				7906F5AB25E4E50A007DAD19 /* UIKitDesignDicoding */,
				7906F5AA25E4E50A007DAD19 /* Products */,
			);
			sourceTree = "<group>";
		};
		7906F5AA25E4E50A007DAD19 /* Products */ = {
			isa = PBXGroup;
			children = (
				7906F5A925E4E50A007DAD19 /* UIKitDesignDicoding.app */,
			);
			name = Products;
			sourceTree = "<group>";
		};
		7906F5AB25E4E50A007DAD19 /* UIKitDesignDicoding */ = {
			isa = PBXGroup;
			children = (
				7906F5AC25E4E50A007DAD19 /* AppDelegate.swift */,
				7906F5AE25E4E50A007DAD19 /* SceneDelegate.swift */,
				7906F5B025E4E50A007DAD19 /* ViewController.swift */,
				7906F5B225E4E50A007DAD19 /* Main.storyboard */,
				7906F5B525E4E50B007DAD19 /* Assets.xcassets */,
				7906F5B725E4E50B007DAD19 /* LaunchScreen.storyboard */,
				7906F5BA25E4E50B007DAD19 /* Info.plist */,
			);
			path = UIKitDesignDicoding;
			sourceTree = "<group>";
		};
/* End PBXGroup section */

/* Begin PBXNativeTarget section */
		7906F5A825E4E50A007DAD19 /* UIKitDesignDicoding */ = {
			isa = PBXNativeTarget;
			buildConfigurationList = 7906F5BD25E4E50B007DAD19 /* Build configuration list for PBXNativeTarget "UIKitDesignDicoding" */;
			buildPhases = (
				7906F5A525E4E50A007DAD19 /* Sources */,
				7906F5A625E4E50A007DAD19 /* Frameworks */,
				7906F5A725E4E50A007DAD19 /* Resources */,
			);
			buildRules = (
			);
			dependencies = (
			);
			name = UIKitDesignDicoding;
			productName = UIKitDesignDicoding;
			productReference = 7906F5A925E4E50A007DAD19 /* UIKitDesignDicoding.app */;
			productType = "com.apple.product-type.application";
		};
/* End PBXNativeTarget section */

/* Begin PBXProject section */
		7906F5A125E4E50A007DAD19 /* Project object */ = {
			isa = PBXProject;
			attributes = {
				LastSwiftUpdateCheck = 1240;
				LastUpgradeCheck = 1240;
				TargetAttributes = {
					7906F5A825E4E50A007DAD19 = {
						CreatedOnToolsVersion = 12.4;
					};
				};
			};
			buildConfigurationList = 7906F5A425E4E50A007DAD19 /* Build configuration list for PBXProject "UIKitDesignDicoding" */;
			compatibilityVersion = "Xcode 9.3";
			developmentRegion = en;
			hasScannedForEncodings = 0;
			knownRegions = (
				en,
				Base,
			);
			mainGroup = 7906F5A025E4E50A007DAD19;
			productRefGroup = 7906F5AA25E4E50A007DAD19 /* Products */;
			projectDirPath = "";
			projectRoot = "";
			targets = (
				7906F5A825E4E50A007DAD19 /* UIKitDesignDicoding */,
			);
		};
/* End PBXProject section */

/* Begin PBXResourcesBuildPhase section */
		7906F5A725E4E50A007DAD19 /* Resources */ = {
			isa = PBXResourcesBuildPhase;
			buildActionMask = 2147483647;
			files = (
				7906F5B925E4E50B007DAD19 /* LaunchScreen.storyboard in Resources */,
				7906F5B625E4E50B007DAD19 /* Assets.xcassets in Resources */,
				7906F5B425E4E50A007DAD19 /* Main.storyboard in Resources */,
			);
			runOnlyForDeploymentPostprocessing = 0;
		};
/* End PBXResourcesBuildPhase section */

/* Begin PBXSourcesBuildPhase section */
		7906F5A525E4E50A007DAD19 /* Sources */ = {
			isa = PBXSourcesBuildPhase;
			buildActionMask = 2147483647;
			files = (
				7906F5B125E4E50A007DAD19 /* ViewController.swift in Sources */,
				7906F5AD25E4E50A007DAD19 /* AppDelegate.swift in Sources */,
				7906F5AF25E4E50A007DAD19 /* SceneDelegate.swift in Sources */,
			);
			runOnlyForDeploymentPostprocessing = 0;
		};
/* End PBXSourcesBuildPhase section */

/* Begin PBXVariantGroup section */
		7906F5B225E4E50A007DAD19 /* Main.storyboard */ = {
			isa = PBXVariantGroup;
			children = (
				7906F5B325E4E50A007DAD19 /* Base */,
			);
			name = Main.storyboard;
			sourceTree = "<group>";
		};
		7906F5B725E4E50B007DAD19 /* LaunchScreen.storyboard */ = {
			isa = PBXVariantGroup;
			children = (
				7906F5B825E4E50B007DAD19 /* Base */,
			);
			name = LaunchScreen.storyboard;
			sourceTree = "<group>";
		};
/* End PBXVariantGroup section */

/* Begin XCBuildConfiguration section */
		7906F5BB25E4E50B007DAD19 /* Debug */ = {
			isa = XCBuildConfiguration;
			buildSettings = {
				ALWAYS_SEARCH_USER_PATHS = NO;
				CLANG_ANALYZER_NONNULL = YES;
				CLANG_ANALYZER_NUMBER_OBJECT_CONVERSION = YES_AGGRESSIVE;
				CLANG_CXX_LANGUAGE_STANDARD = "gnu++14";
				CLANG_CXX_LIBRARY = "libc++";
				CLANG_ENABLE_MODULES = YES;
				CLANG_ENABLE_OBJC_ARC = YES;
				CLANG_ENABLE_OBJC_WEAK = YES;
				CLANG_WARN_BLOCK_CAPTURE_AUTORELEASING = YES;
				CLANG_WARN_BOOL_CONVERSION = YES;
				CLANG_WARN_COMMA = YES;
				CLANG_WARN_CONSTANT_CONVERSION = YES;
				CLANG_WARN_DEPRECATED_OBJC_IMPLEMENTATIONS = YES;
				CLANG_WARN_DIRECT_OBJC_ISA_USAGE = YES_ERROR;
				CLANG_WARN_DOCUMENTATION_COMMENTS = YES;
				CLANG_WARN_EMPTY_BODY = YES;
				CLANG_WARN_ENUM_CONVERSION = YES;
				CLANG_WARN_INFINITE_RECURSION = YES;
				CLANG_WARN_INT_CONVERSION = YES;
				CLANG_WARN_NON_LITERAL_NULL_CONVERSION = YES;
				CLANG_WARN_OBJC_IMPLICIT_RETAIN_SELF = YES;
				CLANG_WARN_OBJC_LITERAL_CONVERSION = YES;
				CLANG_WARN_OBJC_ROOT_CLASS = YES_ERROR;
				CLANG_WARN_QUOTED_INCLUDE_IN_FRAMEWORK_HEADER = YES;
				CLANG_WARN_RANGE_LOOP_ANALYSIS = YES;
				CLANG_WARN_STRICT_PROTOTYPES = YES;
				CLANG_WARN_SUSPICIOUS_MOVE = YES;
				CLANG_WARN_UNGUARDED_AVAILABILITY = YES_AGGRESSIVE;
				CLANG_WARN_UNREACHABLE_CODE = YES;
				CLANG_WARN__DUPLICATE_METHOD_MATCH = YES;
				COPY_PHASE_STRIP = NO;
				DEBUG_INFORMATION_FORMAT = dwarf;
				ENABLE_STRICT_OBJC_MSGSEND = YES;
				ENABLE_TESTABILITY = YES;
				GCC_C_LANGUAGE_STANDARD = gnu11;
				GCC_DYNAMIC_NO_PIC = NO;
				GCC_NO_COMMON_BLOCKS = YES;
				GCC_OPTIMIZATION_LEVEL = 0;
				GCC_PREPROCESSOR_DEFINITIONS = (
					"DEBUG=1",
					"$(inherited)",
				);
				GCC_WARN_64_TO_32_BIT_CONVERSION = YES;
				GCC_WARN_ABOUT_RETURN_TYPE = YES_ERROR;
				GCC_WARN_UNDECLARED_SELECTOR = YES;
				GCC_WARN_UNINITIALIZED_AUTOS = YES_AGGRESSIVE;
				GCC_WARN_UNUSED_FUNCTION = YES;
				GCC_WARN_UNUSED_VARIABLE = YES;
				IPHONEOS_DEPLOYMENT_TARGET = 14.4;
				MTL_ENABLE_DEBUG_INFO = INCLUDE_SOURCE;
				MTL_FAST_MATH = YES;
				ONLY_ACTIVE_ARCH = YES;
				SDKROOT = iphoneos;
				SWIFT_ACTIVE_COMPILATION_CONDITIONS = DEBUG;
				SWIFT_OPTIMIZATION_LEVEL = "-Onone";
			};
			name = Debug;
		};
		7906F5BC25E4E50B007DAD19 /* Release */ = {
			isa = XCBuildConfiguration;
			buildSettings = {
				ALWAYS_SEARCH_USER_PATHS = NO;
				CLANG_ANALYZER_NONNULL = YES;
				CLANG_ANALYZER_NUMBER_OBJECT_CONVERSION = YES_AGGRESSIVE;
				CLANG_CXX_LANGUAGE_STANDARD = "gnu++14";
				CLANG_CXX_LIBRARY = "libc++";
				CLANG_ENABLE_MODULES = YES;
				CLANG_ENABLE_OBJC_ARC = YES;
				CLANG_ENABLE_OBJC_WEAK = YES;
				CLANG_WARN_BLOCK_CAPTURE_AUTORELEASING = YES;
				CLANG_WARN_BOOL_CONVERSION = YES;
				CLANG_WARN_COMMA = YES;
				CLANG_WARN_CONSTANT_CONVERSION = YES;
				CLANG_WARN_DEPRECATED_OBJC_IMPLEMENTATIONS = YES;
				CLANG_WARN_DIRECT_OBJC_ISA_USAGE = YES_ERROR;
				CLANG_WARN_DOCUMENTATION_COMMENTS = YES;
				CLANG_WARN_EMPTY_BODY = YES;
				CLANG_WARN_ENUM_CONVERSION = YES;
				CLANG_WARN_INFINITE_RECURSION = YES;
				CLANG_WARN_INT_CONVERSION = YES;
				CLANG_WARN_NON_LITERAL_NULL_CONVERSION = YES;
				CLANG_WARN_OBJC_IMPLICIT_RETAIN_SELF = YES;
				CLANG_WARN_OBJC_LITERAL_CONVERSION = YES;
				CLANG_WARN_OBJC_ROOT_CLASS = YES_ERROR;
				CLANG_WARN_QUOTED_INCLUDE_IN_FRAMEWORK_HEADER = YES;
				CLANG_WARN_RANGE_LOOP_ANALYSIS = YES;
				CLANG_WARN_STRICT_PROTOTYPES = YES;
				CLANG_WARN_SUSPICIOUS_MOVE = YES;
				CLANG_WARN_UNGUARDED_AVAILABILITY = YES_AGGRESSIVE;
				CLANG_WARN_UNREACHABLE_CODE = YES;
				CLANG_WARN__DUPLICATE_METHOD_MATCH = YES;
				COPY_PHASE_STRIP = NO;
				DEBUG_INFORMATION_FORMAT = "dwarf-with-dsym";
				ENABLE_NS_ASSERTIONS = NO;
				ENABLE_STRICT_OBJC_MSGSEND = YES;
				GCC_C_LANGUAGE_STANDARD = gnu11;
				GCC_NO_COMMON_BLOCKS = YES;
				GCC_WARN_64_TO_32_BIT_CONVERSION = YES;
				GCC_WARN_ABOUT_RETURN_TYPE = YES_ERROR;
				GCC_WARN_UNDECLARED_SELECTOR = YES;
				GCC_WARN_UNINITIALIZED_AUTOS = YES_AGGRESSIVE;
				GCC_WARN_UNUSED_FUNCTION = YES;
				GCC_WARN_UNUSED_VARIABLE = YES;
				IPHONEOS_DEPLOYMENT_TARGET = 14.4;
				MTL_ENABLE_DEBUG_INFO = NO;
				MTL_FAST_MATH = YES;
				SDKROOT = iphoneos;
				SWIFT_COMPILATION_MODE = wholemodule;
				SWIFT_OPTIMIZATION_LEVEL = "-O";
				VALIDATE_PRODUCT = YES;
			};
			name = Release;
		};
		7906F5BE25E4E50B007DAD19 /* Debug */ = {
			isa = XCBuildConfiguration;
			buildSettings = {
				ASSETCATALOG_COMPILER_APPICON_NAME = AppIcon;
				ASSETCATALOG_COMPILER_GLOBAL_ACCENT_COLOR_NAME = AccentColor;
				CODE_SIGN_STYLE = Automatic;
				DEVELOPMENT_TEAM = 6K5MM965KY;
				INFOPLIST_FILE = UIKitDesignDicoding/Info.plist;
				LD_RUNPATH_SEARCH_PATHS = (
					"$(inherited)",
					"@executable_path/Frameworks",
				);
				PRODUCT_BUNDLE_IDENTIFIER = id.dicoding.learn.UIKitDesignDicoding;
				PRODUCT_NAME = "$(TARGET_NAME)";
				SWIFT_VERSION = 5.0;
				TARGETED_DEVICE_FAMILY = "1,2";
			};
			name = Debug;
		};
		7906F5BF25E4E50B007DAD19 /* Release */ = {
			isa = XCBuildConfiguration;
			buildSettings = {
				ASSETCATALOG_COMPILER_APPICON_NAME = AppIcon;
				ASSETCATALOG_COMPILER_GLOBAL_ACCENT_COLOR_NAME = AccentColor;
				CODE_SIGN_STYLE = Automatic;
				DEVELOPMENT_TEAM = 6K5MM965KY;
				INFOPLIST_FILE = UIKitDesignDicoding/Info.plist;
				LD_RUNPATH_SEARCH_PATHS = (
					"$(inherited)",
					"@executable_path/Frameworks",
				);
				PRODUCT_BUNDLE_IDENTIFIER = id.dicoding.learn.UIKitDesignDicoding;
				PRODUCT_NAME = "$(TARGET_NAME)";
				SWIFT_VERSION = 5.0;
				TARGETED_DEVICE_FAMILY = "1,2";
			};
			name = Release;
		};
/* End XCBuildConfiguration section */

/* Begin XCConfigurationList section */
		7906F5A425E4E50A007DAD19 /* Build configuration list for PBXProject "UIKitDesignDicoding" */ = {
			isa = XCConfigurationList;
			buildConfigurations = (
				7906F5BB25E4E50B007DAD19 /* Debug */,
				7906F5BC25E4E50B007DAD19 /* Release */,
			);
			defaultConfigurationIsVisible = 0;
			defaultConfigurationName = Release;
		};
		7906F5BD25E4E50B007DAD19 /* Build configuration list for PBXNativeTarget "UIKitDesignDicoding" */ = {
			isa = XCConfigurationList;
			buildConfigurations = (
				7906F5BE25E4E50B007DAD19 /* Debug */,
				7906F5BF25E4E50B007DAD19 /* Release */,
			);
			defaultConfigurationIsVisible = 0;
			defaultConfigurationName = Release;
		};
/* End XCConfigurationList section */
	};
	rootObject = 7906F5A125E4E50A007DAD19 /* Project object */;
}
